version = 1
requires-python = "==3.12.5"

[[package]]
name = "asgiref"
version = "3.5.2"
source = { registry = "https://pypi.org/simple" }
sdist = { url = "https://files.pythonhosted.org/packages/1f/35/e7d59b92ceffb1dc62c65156278de378670b46ab2364a3ea7216fe194ba3/asgiref-3.5.2.tar.gz", hash = "sha256:4a29362a6acebe09bf1d6640db38c1dc3d9217c68e6f9f6204d72667fc19a424", size = 32352 }
wheels = [
    { url = "https://files.pythonhosted.org/packages/af/6d/ea3a5c3027c3f14b0321cd4f7e594c776ebe64e4b927432ca6917512a4f7/asgiref-3.5.2-py3-none-any.whl", hash = "sha256:1d2880b792ae8757289136f1db2b7b99100ce959b2aa57fd69dab783d05afac4", size = 22881 },
]

[[package]]
name = "certifi"
version = "2023.7.22"
source = { registry = "https://pypi.org/simple" }
sdist = { url = "https://files.pythonhosted.org/packages/98/98/c2ff18671db109c9f10ed27f5ef610ae05b73bd876664139cf95bd1429aa/certifi-2023.7.22.tar.gz", hash = "sha256:539cc1d13202e33ca466e88b2807e29f4c13049d6d87031a3c110744495cb082", size = 159517 }
wheels = [
    { url = "https://files.pythonhosted.org/packages/4c/dd/2234eab22353ffc7d94e8d13177aaa050113286e93e7b40eae01fbf7c3d9/certifi-2023.7.22-py3-none-any.whl", hash = "sha256:92d6037539857d8206b8f6ae472e8b77db8058fec5937a1ef3f54304089edbb9", size = 158334 },
]

[[package]]
name = "cffi"
version = "1.15.1"
source = { registry = "https://pypi.org/simple" }
dependencies = [
    { name = "pycparser" },
]
sdist = { url = "https://files.pythonhosted.org/packages/2b/a8/050ab4f0c3d4c1b8aaa805f70e26e84d0e27004907c5b8ecc1d31815f92a/cffi-1.15.1.tar.gz", hash = "sha256:d400bfb9a37b1351253cb402671cea7e89bdecc294e8016a707f6d1d8ac934f9", size = 508501 }

[[package]]
name = "charset-normalizer"
version = "2.1.1"
source = { registry = "https://pypi.org/simple" }
sdist = { url = "https://files.pythonhosted.org/packages/a1/34/44964211e5410b051e4b8d2869c470ae8a68ae274953b1c7de6d98bbcf94/charset-normalizer-2.1.1.tar.gz", hash = "sha256:5a3d016c7c547f69d6f81fb0db9449ce888b418b5b9952cc5e6e66843e9dd845", size = 82360 }
wheels = [
    { url = "https://files.pythonhosted.org/packages/db/51/a507c856293ab05cdc1db77ff4bc1268ddd39f29e7dc4919aa497f0adbec/charset_normalizer-2.1.1-py3-none-any.whl", hash = "sha256:83e9a75d1911279afd89352c68b45348559d1fc0506b054b346651b5e7fee29f", size = 39748 },
]

[[package]]
name = "cryptography"
version = "41.0.6"
source = { registry = "https://pypi.org/simple" }
dependencies = [
    { name = "cffi" },
]
sdist = { url = "https://files.pythonhosted.org/packages/4d/b4/828991d82d3f1b6f21a0f8cfa54337ed33fdb52135f694130060839cfc33/cryptography-41.0.6.tar.gz", hash = "sha256:422e3e31d63743855e43e5a6fcc8b4acab860f560f9321b0ee6269cc7ed70cc3", size = 630763 }
wheels = [
    { url = "https://files.pythonhosted.org/packages/75/58/2619a79e6f0c986bac0171fa979f078e2389cdad58973507b8fb26bab103/cryptography-41.0.6-cp37-abi3-macosx_10_12_universal2.whl", hash = "sha256:0f27acb55a4e77b9be8d550d762b0513ef3fc658cd3eb15110ebbcbd626db12c", size = 5346453 },
    { url = "https://files.pythonhosted.org/packages/de/ba/ebea56c818fc16dee825c471557ceb4edfe7cab850a8d88a1b3a6b496b52/cryptography-41.0.6-cp37-abi3-macosx_10_12_x86_64.whl", hash = "sha256:ae236bb8760c1e55b7a39b6d4d32d2279bc6c7c8500b7d5a13b6fb9fc97be35b", size = 2852568 },
    { url = "https://files.pythonhosted.org/packages/88/bd/0c1dc2d29a6eed5ac0491d9b0ba3e118ac8d36b532bb812b3047e3b87a1e/cryptography-41.0.6-cp37-abi3-manylinux_2_17_aarch64.manylinux2014_aarch64.whl", hash = "sha256:afda76d84b053923c27ede5edc1ed7d53e3c9f475ebaf63c68e69f1403c405a8", size = 4161249 },
    { url = "https://files.pythonhosted.org/packages/ce/4e/54960380dda23ceb2027500e568aeafd6f06ce031847d7f2d3157f2bd12b/cryptography-41.0.6-cp37-abi3-manylinux_2_17_x86_64.manylinux2014_x86_64.whl", hash = "sha256:da46e2b5df770070412c46f87bac0849b8d685c5f2679771de277a422c7d0b86", size = 4363643 },
    { url = "https://files.pythonhosted.org/packages/0e/dd/6043bf697d30dc4277cc1608af1145d6076fdd0f00283626bf916d7cde8f/cryptography-41.0.6-cp37-abi3-manylinux_2_28_aarch64.whl", hash = "sha256:ff369dd19e8fe0528b02e8df9f2aeb2479f89b1270d90f96a63500afe9af5cae", size = 4149959 },
    { url = "https://files.pythonhosted.org/packages/1e/7a/22192740f36448bb763846da291c13fa66dae92917b5a1cd032ea5dfe2d1/cryptography-41.0.6-cp37-abi3-manylinux_2_28_x86_64.whl", hash = "sha256:b648fe2a45e426aaee684ddca2632f62ec4613ef362f4d681a9a6283d10e079d", size = 4372452 },
    { url = "https://files.pythonhosted.org/packages/07/68/d41ba60a16ff4e64965a857fcf2041f893362ae62c5b88d8b958196e2bed/cryptography-41.0.6-cp37-abi3-musllinux_1_1_aarch64.whl", hash = "sha256:5daeb18e7886a358064a68dbcaf441c036cbdb7da52ae744e7b9207b04d3908c", size = 4256810 },
    { url = "https://files.pythonhosted.org/packages/a4/37/38d1340a8eb720dac78fde5d14742c6bb22a4b5f750ac869ef4eaaa795e0/cryptography-41.0.6-cp37-abi3-musllinux_1_1_x86_64.whl", hash = "sha256:068bc551698c234742c40049e46840843f3d98ad7ce265fd2bd4ec0d11306596", size = 4442100 },
    { url = "https://files.pythonhosted.org/packages/c9/26/73e4dd484d4fb9fa98f2afdfb72bccda1cd1e2174a8a0865a964f699461a/cryptography-41.0.6-cp37-abi3-win32.whl", hash = "sha256:2132d5865eea673fe6712c2ed5fb4fa49dba10768bb4cc798345748380ee3660", size = 2236638 },
    { url = "https://files.pythonhosted.org/packages/e9/e2/56b5a694eed8efc1bd6869208e83f8b7af0e6e11a69309b11b3b8d700b71/cryptography-41.0.6-cp37-abi3-win_amd64.whl", hash = "sha256:48783b7e2bef51224020efb61b42704207dde583d7e371ef8fc2a5fb6c0aabc7", size = 2671488 },
]

[[package]]
name = "defusedxml"
version = "0.7.1"
source = { registry = "https://pypi.org/simple" }
sdist = { url = "https://files.pythonhosted.org/packages/0f/d5/c66da9b79e5bdb124974bfe172b4daf3c984ebd9c2a06e2b8a4dc7331c72/defusedxml-0.7.1.tar.gz", hash = "sha256:1bb3032db185915b62d7c6209c5a8792be6a32ab2fedacc84e01b52c51aa3e69", size = 75520 }
wheels = [
    { url = "https://files.pythonhosted.org/packages/07/6c/aa3f2f849e01cb6a001cd8554a88d4c77c5c1a31c95bdf1cf9301e6d9ef4/defusedxml-0.7.1-py2.py3-none-any.whl", hash = "sha256:a352e7e428770286cc899e2542b6cdaedb2b4953ff269a210103ec58f6198a61", size = 25604 },
]

[[package]]
name = "django"
version = "4.1.13"
source = { registry = "https://pypi.org/simple" }
dependencies = [
    { name = "asgiref" },
    { name = "sqlparse" },
    { name = "tzdata", marker = "sys_platform == 'win32'" },
]
sdist = { url = "https://files.pythonhosted.org/packages/34/09/300498ca0a5f37e0621b90a94c71fc8a4227be5488a3bd5550869c6e0049/Django-4.1.13.tar.gz", hash = "sha256:94a3f471e833c8f124ee7a2de11e92f633991d975e3fa5bdd91e8abd66426318", size = 10515104 }
wheels = [
    { url = "https://files.pythonhosted.org/packages/ad/ac/203ce7fd2e03fb0392e0a6160f4b27d0d1efe1614cb65f1d29e6bbf2ef69/Django-4.1.13-py3-none-any.whl", hash = "sha256:04ab3f6f46d084a0bba5a2c9a93a3a2eb3fe81589512367a75f79ee8acf790ce", size = 8104299 },
]

[[package]]
name = "django-allauth"
version = "0.51.0"
source = { registry = "https://pypi.org/simple" }
dependencies = [
    { name = "django" },
    { name = "pyjwt", extra = ["crypto"] },
    { name = "python3-openid" },
    { name = "requests" },
    { name = "requests-oauthlib" },
]
sdist = { url = "https://files.pythonhosted.org/packages/44/cf/ef0354010b6621b0d2053dc25ddce0132635fb0cbcfebf32a947877fb78e/django-allauth-0.51.0.tar.gz", hash = "sha256:ca1622733b6faa591580ccd3984042f12d8c79ade93438212de249b7ffb6f91f", size = 709644 }

[[package]]
name = "django-cors-headers"
version = "3.13.0"
source = { registry = "https://pypi.org/simple" }
dependencies = [
    { name = "django" },
]
sdist = { url = "https://files.pythonhosted.org/packages/98/2b/47fee7c14776039436c74463ce19ef0b839fbc95fdf8fa870ab25f193d9d/django-cors-headers-3.13.0.tar.gz", hash = "sha256:f9dc6b4e3f611c3199700b3e5f3398c28757dcd559c2f82932687f3d0443cfdf", size = 20995 }
wheels = [
    { url = "https://files.pythonhosted.org/packages/db/e2/912cdc408f7ddc07967e94c3d785389c36fbfdcb48755393fbf65a02aabf/django_cors_headers-3.13.0-py3-none-any.whl", hash = "sha256:37e42883b5f1f2295df6b4bba96eb2417a14a03270cb24b2a07f021cd4487cf4", size = 13115 },
]

[[package]]
name = "django-crispy-forms"
version = "1.14.0"
source = { registry = "https://pypi.org/simple" }
sdist = { url = "https://files.pythonhosted.org/packages/60/96/56854b9f0b437454cef5dd5e9977017a81c23e235eceb6f7ea9c7848d06d/django-crispy-forms-1.14.0.tar.gz", hash = "sha256:35887b8851a931374dd697207a8f56c57a9c5cb9dbf0b9fa54314da5666cea5b", size = 71229 }
wheels = [
    { url = "https://files.pythonhosted.org/packages/0b/34/f5240bcecb9c0d87fc339edf66f87d2ca5580e995ca966a93fdfb5ba7a66/django_crispy_forms-1.14.0-py3-none-any.whl", hash = "sha256:bc4d2037f6de602d39c0bc452ac3029d1f5d65e88458872cc4dbc01c3a400604", size = 133307 },
]

[[package]]
name = "django-filter"
version = "22.1"
source = { registry = "https://pypi.org/simple" }
dependencies = [
    { name = "django" },
]
sdist = { url = "https://files.pythonhosted.org/packages/c5/8c/d7899a0c3e46993922d7e5f7cdc69da304b89521e371ac63863d418cd0b0/django-filter-22.1.tar.gz", hash = "sha256:ed473b76e84f7e83b2511bb2050c3efb36d135207d0128dfe3ae4b36e3594ba5", size = 134811 }
wheels = [
    { url = "https://files.pythonhosted.org/packages/58/99/3dc8a7d997a18596c15f588690d46e9802d983f6c1486813ec4db018c481/django_filter-22.1-py3-none-any.whl", hash = "sha256:ed429e34760127e3520a67f415bec4c905d4649fbe45d0d6da37e6ff5e0287eb", size = 80867 },
]

[[package]]
name = "djangorestframework"
version = "3.14.0"
source = { registry = "https://pypi.org/simple" }
dependencies = [
    { name = "django" },
    { name = "pytz" },
]
sdist = { url = "https://files.pythonhosted.org/packages/8e/53/5b2a002c5ebafd60dff1e1945a7d63dee40155830997439a9ba324f0fd50/djangorestframework-3.14.0.tar.gz", hash = "sha256:579a333e6256b09489cbe0a067e66abe55c6595d8926be6b99423786334350c8", size = 1055343 }
wheels = [
    { url = "https://files.pythonhosted.org/packages/ff/4b/3b46c0914ba4b7546a758c35fdfa8e7f017fcbe7f23c878239e93623337a/djangorestframework-3.14.0-py3-none-any.whl", hash = "sha256:eb63f58c9f218e1a7d064d17a70751f528ed4e1d35547fdade9aaf4cd103fd08", size = 1062761 },
]

[[package]]
name = "eshang-gffa"
version = "0.1.0"
source = { virtual = "." }
dependencies = [
    { name = "asgiref" },
    { name = "certifi" },
    { name = "cffi" },
    { name = "charset-normalizer" },
    { name = "cryptography" },
    { name = "defusedxml" },
    { name = "django-allauth" },
    { name = "django-cors-headers" },
    { name = "django-crispy-forms" },
    { name = "django-filter" },
    { name = "djangorestframework" },
    { name = "idna" },
    { name = "markdown" },
    { name = "oauthlib" },
    { name = "psycopg2" },
    { name = "pycparser" },
    { name = "pyjwt" },
    { name = "python3-openid" },
    { name = "pytz" },
    { name = "requests" },
    { name = "requests-oauthlib" },
    { name = "sqlparse" },
    { name = "urllib3" },
]

[package.metadata]
requires-dist = [
    { name = "asgiref", specifier = "==3.5.2" },
    { name = "certifi", specifier = "==2023.7.22" },
    { name = "cffi", specifier = "==1.15.1" },
    { name = "charset-normalizer", specifier = "==2.1.1" },
    { name = "cryptography", specifier = "==41.0.6" },
    { name = "defusedxml", specifier = "==0.7.1" },
    { name = "django-allauth", specifier = "==0.51.0" },
    { name = "django-cors-headers", specifier = "==3.13.0" },
    { name = "django-crispy-forms", specifier = "==1.14.0" },
    { name = "django-filter", specifier = "==22.1" },
    { name = "djangorestframework", specifier = "==3.14.0" },
    { name = "idna", specifier = "==3.4" },
    { name = "markdown", specifier = "==3.4.1" },
    { name = "oauthlib", specifier = "==3.2.2" },
    { name = "psycopg2", specifier = "==2.9.5" },
    { name = "pycparser", specifier = "==2.21" },
    { name = "pyjwt", specifier = "==2.6.0" },
    { name = "python3-openid", specifier = "==3.2.0" },
    { name = "pytz", specifier = "==2022.6" },
    { name = "requests", specifier = "==2.31.0" },
    { name = "requests-oauthlib", specifier = "==1.3.1" },
    { name = "sqlparse", specifier = "==0.4.4" },
    { name = "urllib3", specifier = "==1.26.18" },
]

[[package]]
name = "idna"
version = "3.4"
source = { registry = "https://pypi.org/simple" }
sdist = { url = "https://files.pythonhosted.org/packages/8b/e1/43beb3d38dba6cb420cefa297822eac205a277ab43e5ba5d5c46faf96438/idna-3.4.tar.gz", hash = "sha256:814f528e8dead7d329833b91c5faa87d60bf71824cd12a7530b5526063d02cb4", size = 183077 }
wheels = [
    { url = "https://files.pythonhosted.org/packages/fc/34/3030de6f1370931b9dbb4dad48f6ab1015ab1d32447850b9fc94e60097be/idna-3.4-py3-none-any.whl", hash = "sha256:90b77e79eaa3eba6de819a0c442c0b4ceefc341a7a2ab77d7562bf49f425c5c2", size = 61538 },
]

[[package]]
name = "markdown"
version = "3.4.1"
source = { registry = "https://pypi.org/simple" }
sdist = { url = "https://files.pythonhosted.org/packages/85/7e/133e943e97a943d2f1d8bae0c5060f8ac50e6691754eb9dbe036b047a9bb/Markdown-3.4.1.tar.gz", hash = "sha256:3b809086bb6efad416156e00a0da66fe47618a5d6918dd688f53f40c8e4cfeff", size = 322554 }
wheels = [
    { url = "https://files.pythonhosted.org/packages/86/be/ad281f7a3686b38dd8a307fa33210cdf2130404dfef668a37a4166d737ca/Markdown-3.4.1-py3-none-any.whl", hash = "sha256:08fb8465cffd03d10b9dd34a5c3fea908e20391a2a90b88d66362cb05beed186", size = 93295 },
]

[[package]]
name = "oauthlib"
version = "3.2.2"
source = { registry = "https://pypi.org/simple" }
sdist = { url = "https://files.pythonhosted.org/packages/6d/fa/fbf4001037904031639e6bfbfc02badfc7e12f137a8afa254df6c4c8a670/oauthlib-3.2.2.tar.gz", hash = "sha256:9859c40929662bec5d64f34d01c99e093149682a3f38915dc0655d5a633dd918", size = 177352 }
wheels = [
    { url = "https://files.pythonhosted.org/packages/7e/80/cab10959dc1faead58dc8384a781dfbf93cb4d33d50988f7a69f1b7c9bbe/oauthlib-3.2.2-py3-none-any.whl", hash = "sha256:8139f29aac13e25d502680e9e19963e83f16838d48a0d71c287fe40e7067fbca", size = 151688 },
]

[[package]]
name = "psycopg2"
version = "2.9.5"
source = { registry = "https://pypi.org/simple" }
sdist = { url = "https://files.pythonhosted.org/packages/89/d6/cd8c46417e0f7a16b4b0fc321f4ab676a59250d08fce5b64921897fb07cc/psycopg2-2.9.5.tar.gz", hash = "sha256:a5246d2e683a972e2187a8714b5c2cf8156c064629f9a9b1a873c1730d9e245a", size = 384343 }

[[package]]
name = "pycparser"
version = "2.21"
source = { registry = "https://pypi.org/simple" }
sdist = { url = "https://files.pythonhosted.org/packages/5e/0b/95d387f5f4433cb0f53ff7ad859bd2c6051051cebbb564f139a999ab46de/pycparser-2.21.tar.gz", hash = "sha256:e644fdec12f7872f86c58ff790da456218b10f863970249516d60a5eaca77206", size = 170877 }
wheels = [
    { url = "https://files.pythonhosted.org/packages/62/d5/5f610ebe421e85889f2e55e33b7f9a6795bd982198517d912eb1c76e1a53/pycparser-2.21-py2.py3-none-any.whl", hash = "sha256:8ee45429555515e1f6b185e78100aea234072576aa43ab53aefcae078162fca9", size = 118697 },
]

[[package]]
name = "pyjwt"
version = "2.6.0"
source = { registry = "https://pypi.org/simple" }
sdist = { url = "https://files.pythonhosted.org/packages/75/65/db64904a7f23e12dbf0565b53de01db04d848a497c6c9b87e102f74c9304/PyJWT-2.6.0.tar.gz", hash = "sha256:69285c7e31fc44f68a1feb309e948e0df53259d579295e6cfe2b1792329f05fd", size = 72984 }
wheels = [
    { url = "https://files.pythonhosted.org/packages/40/46/505f0dd53c14096f01922bf93a7abb4e40e29a06f858abbaa791e6954324/PyJWT-2.6.0-py3-none-any.whl", hash = "sha256:d83c3d892a77bbb74d3e1a2cfa90afaadb60945205d1095d9221f04466f64c14", size = 20316 },
]

[package.optional-dependencies]
crypto = [
    { name = "cryptography" },
]

[[package]]
name = "python3-openid"
version = "3.2.0"
source = { registry = "https://pypi.org/simple" }
dependencies = [
    { name = "defusedxml" },
]
sdist = { url = "https://files.pythonhosted.org/packages/5f/4a/29feb8da6c44f77007dcd29518fea73a3d5653ee02a587ae1f17f1f5ddb5/python3-openid-3.2.0.tar.gz", hash = "sha256:33fbf6928f401e0b790151ed2b5290b02545e8775f982485205a066f874aaeaf", size = 305600 }
wheels = [
    { url = "https://files.pythonhosted.org/packages/e0/a5/c6ba13860bdf5525f1ab01e01cc667578d6f1efc8a1dba355700fb04c29b/python3_openid-3.2.0-py3-none-any.whl", hash = "sha256:6626f771e0417486701e0b4daff762e7212e820ca5b29fcc0d05f6f8736dfa6b", size = 133681 },
]

[[package]]
name = "pytz"
version = "2022.6"
source = { registry = "https://pypi.org/simple" }
sdist = { url = "https://files.pythonhosted.org/packages/76/63/1be349ff0a44e4795d9712cc0b2d806f5e063d4d34631b71b832fac715a8/pytz-2022.6.tar.gz", hash = "sha256:e89512406b793ca39f5971bc999cc538ce125c0e51c27941bef4568b460095e2", size = 313766 }
wheels = [
    { url = "https://files.pythonhosted.org/packages/85/ac/92f998fc52a70afd7f6b788142632afb27cd60c8c782d1452b7466603332/pytz-2022.6-py2.py3-none-any.whl", hash = "sha256:222439474e9c98fced559f1709d89e6c9cbf8d79c794ff3eb9f8800064291427", size = 498053 },
]

[[package]]
name = "requests"
version = "2.31.0"
source = { registry = "https://pypi.org/simple" }
dependencies = [
    { name = "certifi" },
    { name = "charset-normalizer" },
    { name = "idna" },
    { name = "urllib3" },
]
sdist = { url = "https://files.pythonhosted.org/packages/9d/be/10918a2eac4ae9f02f6cfe6414b7a155ccd8f7f9d4380d62fd5b955065c3/requests-2.31.0.tar.gz", hash = "sha256:942c5a758f98d790eaed1a29cb6eefc7ffb0d1cf7af05c3d2791656dbd6ad1e1", size = 110794 }
wheels = [
    { url = "https://files.pythonhosted.org/packages/70/8e/0e2d847013cb52cd35b38c009bb167a1a26b2ce6cd6965bf26b47bc0bf44/requests-2.31.0-py3-none-any.whl", hash = "sha256:58cd2187c01e70e6e26505bca751777aa9f2ee0b7f4300988b709f44e013003f", size = 62574 },
]

[[package]]
name = "requests-oauthlib"
version = "1.3.1"
source = { registry = "https://pypi.org/simple" }
dependencies = [
    { name = "oauthlib" },
    { name = "requests" },
]
sdist = { url = "https://files.pythonhosted.org/packages/95/52/531ef197b426646f26b53815a7d2a67cb7a331ef098bb276db26a68ac49f/requests-oauthlib-1.3.1.tar.gz", hash = "sha256:75beac4a47881eeb94d5ea5d6ad31ef88856affe2332b9aafb52c6452ccf0d7a", size = 52027 }
wheels = [
    { url = "https://files.pythonhosted.org/packages/6f/bb/5deac77a9af870143c684ab46a7934038a53eb4aa975bc0687ed6ca2c610/requests_oauthlib-1.3.1-py2.py3-none-any.whl", hash = "sha256:2577c501a2fb8d05a304c09d090d6e47c306fef15809d102b327cf8364bddab5", size = 23892 },
]

[[package]]
name = "sqlparse"
version = "0.4.4"
source = { registry = "https://pypi.org/simple" }
sdist = { url = "https://files.pythonhosted.org/packages/65/16/10f170ec641ed852611b6c9441b23d10b5702ab5288371feab3d36de2574/sqlparse-0.4.4.tar.gz", hash = "sha256:d446183e84b8349fa3061f0fe7f06ca94ba65b426946ffebe6e3e8295332420c", size = 72383 }
wheels = [
    { url = "https://files.pythonhosted.org/packages/98/5a/66d7c9305baa9f11857f247d4ba761402cea75db6058ff850ed7128957b7/sqlparse-0.4.4-py3-none-any.whl", hash = "sha256:5430a4fe2ac7d0f93e66f1efc6e1338a41884b7ddf2a350cedd20ccc4d9d28f3", size = 41183 },
]

[[package]]
name = "tzdata"
version = "2025.1"
source = { registry = "https://pypi.org/simple" }
sdist = { url = "https://files.pythonhosted.org/packages/43/0f/fa4723f22942480be4ca9527bbde8d43f6c3f2fe8412f00e7f5f6746bc8b/tzdata-2025.1.tar.gz", hash = "sha256:24894909e88cdb28bd1636c6887801df64cb485bd593f2fd83ef29075a81d694", size = 194950 }
wheels = [
    { url = "https://files.pythonhosted.org/packages/0f/dd/84f10e23edd882c6f968c21c2434fe67bd4a528967067515feca9e611e5e/tzdata-2025.1-py2.py3-none-any.whl", hash = "sha256:7e127113816800496f027041c570f50bcd464a020098a3b6b199517772303639", size = 346762 },
]

[[package]]
name = "urllib3"
version = "1.26.18"
source = { registry = "https://pypi.org/simple" }
sdist = { url = "https://files.pythonhosted.org/packages/0c/39/64487bf07df2ed854cc06078c27c0d0abc59bd27b32232876e403c333a08/urllib3-1.26.18.tar.gz", hash = "sha256:f8ecc1bba5667413457c529ab955bf8c67b45db799d159066261719e328580a0", size = 305687 }
wheels = [
    { url = "https://files.pythonhosted.org/packages/b0/53/aa91e163dcfd1e5b82d8a890ecf13314e3e149c05270cc644581f77f17fd/urllib3-1.26.18-py2.py3-none-any.whl", hash = "sha256:34b97092d7e0a3a8cf7cd10e386f401b3737364026c45e622aa02903dffe0f07", size = 143835 },
]
